<<<<<<< HEAD
﻿
Microsoft Visual Studio Solution File, Format Version 12.00
# Visual Studio Version 16
VisualStudioVersion = 16.0.30128.74
MinimumVisualStudioVersion = 10.0.40219.1
Project("{FAE04EC0-301F-11D3-BF4B-00C04F79EFBC}") = "L1.6 test", "L1.6 test\L1.6 test.csproj", "{108B5FAD-F237-495C-9A33-3D62CD334CF6}"
EndProject
Global
	GlobalSection(SolutionConfigurationPlatforms) = preSolution
		Debug|Any CPU = Debug|Any CPU
		Release|Any CPU = Release|Any CPU
	EndGlobalSection
	GlobalSection(ProjectConfigurationPlatforms) = postSolution
		{108B5FAD-F237-495C-9A33-3D62CD334CF6}.Debug|Any CPU.ActiveCfg = Debug|Any CPU
		{108B5FAD-F237-495C-9A33-3D62CD334CF6}.Debug|Any CPU.Build.0 = Debug|Any CPU
		{108B5FAD-F237-495C-9A33-3D62CD334CF6}.Release|Any CPU.ActiveCfg = Release|Any CPU
		{108B5FAD-F237-495C-9A33-3D62CD334CF6}.Release|Any CPU.Build.0 = Release|Any CPU
	EndGlobalSection
	GlobalSection(SolutionProperties) = preSolution
		HideSolutionNode = FALSE
	EndGlobalSection
	GlobalSection(ExtensibilityGlobals) = postSolution
		SolutionGuid = {29F7C975-58D0-434D-8709-461588D52D57}
	EndGlobalSection
EndGlobal
=======
﻿
Microsoft Visual Studio Solution File, Format Version 12.00
# Visual Studio Version 16
VisualStudioVersion = 16.0.30128.74
MinimumVisualStudioVersion = 10.0.40219.1
Project("{FAE04EC0-301F-11D3-BF4B-00C04F79EFBC}") = "L1.6 test", "L1.6 test\L1.6 test.csproj", "{108B5FAD-F237-495C-9A33-3D62CD334CF6}"
EndProject
Global
	GlobalSection(SolutionConfigurationPlatforms) = preSolution
		Debug|Any CPU = Debug|Any CPU
		Release|Any CPU = Release|Any CPU
	EndGlobalSection
	GlobalSection(ProjectConfigurationPlatforms) = postSolution
		{108B5FAD-F237-495C-9A33-3D62CD334CF6}.Debug|Any CPU.ActiveCfg = Debug|Any CPU
		{108B5FAD-F237-495C-9A33-3D62CD334CF6}.Debug|Any CPU.Build.0 = Debug|Any CPU
		{108B5FAD-F237-495C-9A33-3D62CD334CF6}.Release|Any CPU.ActiveCfg = Release|Any CPU
		{108B5FAD-F237-495C-9A33-3D62CD334CF6}.Release|Any CPU.Build.0 = Release|Any CPU
	EndGlobalSection
	GlobalSection(SolutionProperties) = preSolution
		HideSolutionNode = FALSE
	EndGlobalSection
	GlobalSection(ExtensibilityGlobals) = postSolution
		SolutionGuid = {29F7C975-58D0-434D-8709-461588D52D57}
	EndGlobalSection
EndGlobal
>>>>>>> 12f237521d9c77152b306cb7848623a27454fa0f
