
Microsoft Visual Studio Solution File, Format Version 12.00
# Visual Studio Version 16
VisualStudioVersion = 16.0.30320.27
MinimumVisualStudioVersion = 10.0.40219.1
Project("{FAE04EC0-301F-11D3-BF4B-00C04F79EFBC}") = "M4_L44_Encapsulation_InClass_SoccerTeam", "M4_L44_Encapsulation_InClass_SoccerTeam\M4_L44_Encapsulation_InClass_SoccerTeam.csproj", "{074E565A-21D2-4304-9EB4-466EC4A51EE2}"
EndProject
Global
	GlobalSection(SolutionConfigurationPlatforms) = preSolution
		Debug|Any CPU = Debug|Any CPU
		Release|Any CPU = Release|Any CPU
	EndGlobalSection
	GlobalSection(ProjectConfigurationPlatforms) = postSolution
		{074E565A-21D2-4304-9EB4-466EC4A51EE2}.Debug|Any CPU.ActiveCfg = Debug|Any CPU
		{074E565A-21D2-4304-9EB4-466EC4A51EE2}.Debug|Any CPU.Build.0 = Debug|Any CPU
		{074E565A-21D2-4304-9EB4-466EC4A51EE2}.Release|Any CPU.ActiveCfg = Release|Any CPU
		{074E565A-21D2-4304-9EB4-466EC4A51EE2}.Release|Any CPU.Build.0 = Release|Any CPU
	EndGlobalSection
	GlobalSection(SolutionProperties) = preSolution
		HideSolutionNode = FALSE
	EndGlobalSection
	GlobalSection(ExtensibilityGlobals) = postSolution
		SolutionGuid = {062988E4-8174-4D9B-8820-3ACEC73F1FD0}
	EndGlobalSection
EndGlobal
