<<<<<<< HEAD
﻿
Microsoft Visual Studio Solution File, Format Version 12.00
# Visual Studio Version 16
VisualStudioVersion = 16.0.30128.74
MinimumVisualStudioVersion = 10.0.40219.1
Project("{FAE04EC0-301F-11D3-BF4B-00C04F79EFBC}") = "M3_L31_While_loop2", "M3_L31_While_loop2\M3_L31_While_loop2.csproj", "{06C4128D-EF21-4724-816E-5A8B3723D176}"
EndProject
Global
	GlobalSection(SolutionConfigurationPlatforms) = preSolution
		Debug|Any CPU = Debug|Any CPU
		Release|Any CPU = Release|Any CPU
	EndGlobalSection
	GlobalSection(ProjectConfigurationPlatforms) = postSolution
		{06C4128D-EF21-4724-816E-5A8B3723D176}.Debug|Any CPU.ActiveCfg = Debug|Any CPU
		{06C4128D-EF21-4724-816E-5A8B3723D176}.Debug|Any CPU.Build.0 = Debug|Any CPU
		{06C4128D-EF21-4724-816E-5A8B3723D176}.Release|Any CPU.ActiveCfg = Release|Any CPU
		{06C4128D-EF21-4724-816E-5A8B3723D176}.Release|Any CPU.Build.0 = Release|Any CPU
	EndGlobalSection
	GlobalSection(SolutionProperties) = preSolution
		HideSolutionNode = FALSE
	EndGlobalSection
	GlobalSection(ExtensibilityGlobals) = postSolution
		SolutionGuid = {588BC30E-987F-432B-B31E-0037A422B16A}
	EndGlobalSection
EndGlobal
=======
﻿
Microsoft Visual Studio Solution File, Format Version 12.00
# Visual Studio Version 16
VisualStudioVersion = 16.0.30128.74
MinimumVisualStudioVersion = 10.0.40219.1
Project("{FAE04EC0-301F-11D3-BF4B-00C04F79EFBC}") = "M3_L31_While_loop2", "M3_L31_While_loop2\M3_L31_While_loop2.csproj", "{06C4128D-EF21-4724-816E-5A8B3723D176}"
EndProject
Global
	GlobalSection(SolutionConfigurationPlatforms) = preSolution
		Debug|Any CPU = Debug|Any CPU
		Release|Any CPU = Release|Any CPU
	EndGlobalSection
	GlobalSection(ProjectConfigurationPlatforms) = postSolution
		{06C4128D-EF21-4724-816E-5A8B3723D176}.Debug|Any CPU.ActiveCfg = Debug|Any CPU
		{06C4128D-EF21-4724-816E-5A8B3723D176}.Debug|Any CPU.Build.0 = Debug|Any CPU
		{06C4128D-EF21-4724-816E-5A8B3723D176}.Release|Any CPU.ActiveCfg = Release|Any CPU
		{06C4128D-EF21-4724-816E-5A8B3723D176}.Release|Any CPU.Build.0 = Release|Any CPU
	EndGlobalSection
	GlobalSection(SolutionProperties) = preSolution
		HideSolutionNode = FALSE
	EndGlobalSection
	GlobalSection(ExtensibilityGlobals) = postSolution
		SolutionGuid = {588BC30E-987F-432B-B31E-0037A422B16A}
	EndGlobalSection
EndGlobal
>>>>>>> 12f237521d9c77152b306cb7848623a27454fa0f
