
Microsoft Visual Studio Solution File, Format Version 12.00
# Visual Studio Version 16
VisualStudioVersion = 16.0.30406.217
MinimumVisualStudioVersion = 10.0.40219.1
Project("{FAE04EC0-301F-11D3-BF4B-00C04F79EFBC}") = "M5_L53_Abstract_Concept_EX1_4legs_animal", "M5_L53_Abstract_Concept_EX1_4legs_animal\M5_L53_Abstract_Concept_EX1_4legs_animal.csproj", "{623CDA68-F120-4960-A615-52E60BC280AD}"
EndProject
Global
	GlobalSection(SolutionConfigurationPlatforms) = preSolution
		Debug|Any CPU = Debug|Any CPU
		Release|Any CPU = Release|Any CPU
	EndGlobalSection
	GlobalSection(ProjectConfigurationPlatforms) = postSolution
		{623CDA68-F120-4960-A615-52E60BC280AD}.Debug|Any CPU.ActiveCfg = Debug|Any CPU
		{623CDA68-F120-4960-A615-52E60BC280AD}.Debug|Any CPU.Build.0 = Debug|Any CPU
		{623CDA68-F120-4960-A615-52E60BC280AD}.Release|Any CPU.ActiveCfg = Release|Any CPU
		{623CDA68-F120-4960-A615-52E60BC280AD}.Release|Any CPU.Build.0 = Release|Any CPU
	EndGlobalSection
	GlobalSection(SolutionProperties) = preSolution
		HideSolutionNode = FALSE
	EndGlobalSection
	GlobalSection(ExtensibilityGlobals) = postSolution
		SolutionGuid = {8568DA8E-B143-474C-88A9-0A4F6BAC7458}
	EndGlobalSection
EndGlobal
