
Microsoft Visual Studio Solution File, Format Version 12.00
# Visual Studio Version 16
VisualStudioVersion = 16.0.30128.74
MinimumVisualStudioVersion = 10.0.40219.1
Project("{FAE04EC0-301F-11D3-BF4B-00C04F79EFBC}") = "M3_L32_For_Example 3 Pascal’s Triangle", "M3_L32_For_Example 3 Pascal’s Triangle\M3_L32_For_Example 3 Pascal’s Triangle.csproj", "{81F26F83-7FA2-4098-97AF-309B373CE14F}"
EndProject
Global
	GlobalSection(SolutionConfigurationPlatforms) = preSolution
		Debug|Any CPU = Debug|Any CPU
		Release|Any CPU = Release|Any CPU
	EndGlobalSection
	GlobalSection(ProjectConfigurationPlatforms) = postSolution
		{81F26F83-7FA2-4098-97AF-309B373CE14F}.Debug|Any CPU.ActiveCfg = Debug|Any CPU
		{81F26F83-7FA2-4098-97AF-309B373CE14F}.Debug|Any CPU.Build.0 = Debug|Any CPU
		{81F26F83-7FA2-4098-97AF-309B373CE14F}.Release|Any CPU.ActiveCfg = Release|Any CPU
		{81F26F83-7FA2-4098-97AF-309B373CE14F}.Release|Any CPU.Build.0 = Release|Any CPU
	EndGlobalSection
	GlobalSection(SolutionProperties) = preSolution
		HideSolutionNode = FALSE
	EndGlobalSection
	GlobalSection(ExtensibilityGlobals) = postSolution
		SolutionGuid = {BCE6A2FF-FB24-4071-BDBF-EB89EAC92A21}
	EndGlobalSection
EndGlobal
