
Microsoft Visual Studio Solution File, Format Version 12.00
# Visual Studio Version 16
VisualStudioVersion = 16.0.30128.74
MinimumVisualStudioVersion = 10.0.40219.1
Project("{FAE04EC0-301F-11D3-BF4B-00C04F79EFBC}") = "M4_L42_Example 2 Circle Class", "M4_L42_Example 2 Circle Class\M4_L42_Example 2 Circle Class.csproj", "{30F1C51F-7B58-48A5-9896-C6CAF7DF4CFB}"
EndProject
Global
	GlobalSection(SolutionConfigurationPlatforms) = preSolution
		Debug|Any CPU = Debug|Any CPU
		Release|Any CPU = Release|Any CPU
	EndGlobalSection
	GlobalSection(ProjectConfigurationPlatforms) = postSolution
		{30F1C51F-7B58-48A5-9896-C6CAF7DF4CFB}.Debug|Any CPU.ActiveCfg = Debug|Any CPU
		{30F1C51F-7B58-48A5-9896-C6CAF7DF4CFB}.Debug|Any CPU.Build.0 = Debug|Any CPU
		{30F1C51F-7B58-48A5-9896-C6CAF7DF4CFB}.Release|Any CPU.ActiveCfg = Release|Any CPU
		{30F1C51F-7B58-48A5-9896-C6CAF7DF4CFB}.Release|Any CPU.Build.0 = Release|Any CPU
	EndGlobalSection
	GlobalSection(SolutionProperties) = preSolution
		HideSolutionNode = FALSE
	EndGlobalSection
	GlobalSection(ExtensibilityGlobals) = postSolution
		SolutionGuid = {C3AAD623-6D7B-40F4-BA71-5FA72A5484F6}
	EndGlobalSection
EndGlobal
