
Microsoft Visual Studio Solution File, Format Version 12.00
# Visual Studio Version 16
VisualStudioVersion = 16.0.30406.217
MinimumVisualStudioVersion = 10.0.40219.1
Project("{FAE04EC0-301F-11D3-BF4B-00C04F79EFBC}") = "M5_L52_Polym_EX5_person", "M5_L52_Polym_EX5_person\M5_L52_Polym_EX5_person.csproj", "{3FDDF9C5-94BB-4ABE-97D2-DEE7BC30E14C}"
EndProject
Global
	GlobalSection(SolutionConfigurationPlatforms) = preSolution
		Debug|Any CPU = Debug|Any CPU
		Release|Any CPU = Release|Any CPU
	EndGlobalSection
	GlobalSection(ProjectConfigurationPlatforms) = postSolution
		{3FDDF9C5-94BB-4ABE-97D2-DEE7BC30E14C}.Debug|Any CPU.ActiveCfg = Debug|Any CPU
		{3FDDF9C5-94BB-4ABE-97D2-DEE7BC30E14C}.Debug|Any CPU.Build.0 = Debug|Any CPU
		{3FDDF9C5-94BB-4ABE-97D2-DEE7BC30E14C}.Release|Any CPU.ActiveCfg = Release|Any CPU
		{3FDDF9C5-94BB-4ABE-97D2-DEE7BC30E14C}.Release|Any CPU.Build.0 = Release|Any CPU
	EndGlobalSection
	GlobalSection(SolutionProperties) = preSolution
		HideSolutionNode = FALSE
	EndGlobalSection
	GlobalSection(ExtensibilityGlobals) = postSolution
		SolutionGuid = {A909FB23-88B2-40D6-A033-F65FCC07F301}
	EndGlobalSection
EndGlobal
