
Microsoft Visual Studio Solution File, Format Version 12.00
# Visual Studio Version 16
VisualStudioVersion = 16.0.30128.74
MinimumVisualStudioVersion = 10.0.40219.1
Project("{FAE04EC0-301F-11D3-BF4B-00C04F79EFBC}") = "M3_L34_String", "M3_L34_String\M3_L34_String.csproj", "{1E5FB5E8-C0EB-4E5C-A8F2-571D8DA9D486}"
EndProject
Global
	GlobalSection(SolutionConfigurationPlatforms) = preSolution
		Debug|Any CPU = Debug|Any CPU
		Release|Any CPU = Release|Any CPU
	EndGlobalSection
	GlobalSection(ProjectConfigurationPlatforms) = postSolution
		{1E5FB5E8-C0EB-4E5C-A8F2-571D8DA9D486}.Debug|Any CPU.ActiveCfg = Debug|Any CPU
		{1E5FB5E8-C0EB-4E5C-A8F2-571D8DA9D486}.Debug|Any CPU.Build.0 = Debug|Any CPU
		{1E5FB5E8-C0EB-4E5C-A8F2-571D8DA9D486}.Release|Any CPU.ActiveCfg = Release|Any CPU
		{1E5FB5E8-C0EB-4E5C-A8F2-571D8DA9D486}.Release|Any CPU.Build.0 = Release|Any CPU
	EndGlobalSection
	GlobalSection(SolutionProperties) = preSolution
		HideSolutionNode = FALSE
	EndGlobalSection
	GlobalSection(ExtensibilityGlobals) = postSolution
		SolutionGuid = {C52B544B-E5C8-45C8-9C04-5C8F2912533C}
	EndGlobalSection
EndGlobal
