
Microsoft Visual Studio Solution File, Format Version 12.00
# Visual Studio Version 16
VisualStudioVersion = 16.0.30128.74
MinimumVisualStudioVersion = 10.0.40219.1
Project("{FAE04EC0-301F-11D3-BF4B-00C04F79EFBC}") = "M2_L22_Example 1 Detect Character Type", "M2_L22_Example 1 Detect Character Type\M2_L22_Example 1 Detect Character Type.csproj", "{7BBA3AE1-2E7D-4626-9D6B-3EEF5CB1829D}"
EndProject
Global
	GlobalSection(SolutionConfigurationPlatforms) = preSolution
		Debug|Any CPU = Debug|Any CPU
		Release|Any CPU = Release|Any CPU
	EndGlobalSection
	GlobalSection(ProjectConfigurationPlatforms) = postSolution
		{7BBA3AE1-2E7D-4626-9D6B-3EEF5CB1829D}.Debug|Any CPU.ActiveCfg = Debug|Any CPU
		{7BBA3AE1-2E7D-4626-9D6B-3EEF5CB1829D}.Debug|Any CPU.Build.0 = Debug|Any CPU
		{7BBA3AE1-2E7D-4626-9D6B-3EEF5CB1829D}.Release|Any CPU.ActiveCfg = Release|Any CPU
		{7BBA3AE1-2E7D-4626-9D6B-3EEF5CB1829D}.Release|Any CPU.Build.0 = Release|Any CPU
	EndGlobalSection
	GlobalSection(SolutionProperties) = preSolution
		HideSolutionNode = FALSE
	EndGlobalSection
	GlobalSection(ExtensibilityGlobals) = postSolution
		SolutionGuid = {7A784CEA-37C9-47BB-A00C-E46146A06186}
	EndGlobalSection
EndGlobal
