<<<<<<< HEAD
﻿
Microsoft Visual Studio Solution File, Format Version 12.00
# Visual Studio Version 16
VisualStudioVersion = 16.0.30128.74
MinimumVisualStudioVersion = 10.0.40219.1
Project("{FAE04EC0-301F-11D3-BF4B-00C04F79EFBC}") = "M2_LA2_Quadratic_Equations", "M2_LA2_Quadratic_Equations\M2_LA2_Quadratic_Equations.csproj", "{EDCB2E25-8B6D-4A74-87DD-500E9C00FB5F}"
EndProject
Global
	GlobalSection(SolutionConfigurationPlatforms) = preSolution
		Debug|Any CPU = Debug|Any CPU
		Release|Any CPU = Release|Any CPU
	EndGlobalSection
	GlobalSection(ProjectConfigurationPlatforms) = postSolution
		{EDCB2E25-8B6D-4A74-87DD-500E9C00FB5F}.Debug|Any CPU.ActiveCfg = Debug|Any CPU
		{EDCB2E25-8B6D-4A74-87DD-500E9C00FB5F}.Debug|Any CPU.Build.0 = Debug|Any CPU
		{EDCB2E25-8B6D-4A74-87DD-500E9C00FB5F}.Release|Any CPU.ActiveCfg = Release|Any CPU
		{EDCB2E25-8B6D-4A74-87DD-500E9C00FB5F}.Release|Any CPU.Build.0 = Release|Any CPU
	EndGlobalSection
	GlobalSection(SolutionProperties) = preSolution
		HideSolutionNode = FALSE
	EndGlobalSection
	GlobalSection(ExtensibilityGlobals) = postSolution
		SolutionGuid = {D2F8EB29-3AF2-469C-8355-95D3AA7E494E}
	EndGlobalSection
EndGlobal
=======
﻿
Microsoft Visual Studio Solution File, Format Version 12.00
# Visual Studio Version 16
VisualStudioVersion = 16.0.30128.74
MinimumVisualStudioVersion = 10.0.40219.1
Project("{FAE04EC0-301F-11D3-BF4B-00C04F79EFBC}") = "M2_LA2_Quadratic_Equations", "M2_LA2_Quadratic_Equations\M2_LA2_Quadratic_Equations.csproj", "{EDCB2E25-8B6D-4A74-87DD-500E9C00FB5F}"
EndProject
Global
	GlobalSection(SolutionConfigurationPlatforms) = preSolution
		Debug|Any CPU = Debug|Any CPU
		Release|Any CPU = Release|Any CPU
	EndGlobalSection
	GlobalSection(ProjectConfigurationPlatforms) = postSolution
		{EDCB2E25-8B6D-4A74-87DD-500E9C00FB5F}.Debug|Any CPU.ActiveCfg = Debug|Any CPU
		{EDCB2E25-8B6D-4A74-87DD-500E9C00FB5F}.Debug|Any CPU.Build.0 = Debug|Any CPU
		{EDCB2E25-8B6D-4A74-87DD-500E9C00FB5F}.Release|Any CPU.ActiveCfg = Release|Any CPU
		{EDCB2E25-8B6D-4A74-87DD-500E9C00FB5F}.Release|Any CPU.Build.0 = Release|Any CPU
	EndGlobalSection
	GlobalSection(SolutionProperties) = preSolution
		HideSolutionNode = FALSE
	EndGlobalSection
	GlobalSection(ExtensibilityGlobals) = postSolution
		SolutionGuid = {D2F8EB29-3AF2-469C-8355-95D3AA7E494E}
	EndGlobalSection
EndGlobal
>>>>>>> 12f237521d9c77152b306cb7848623a27454fa0f
