
Microsoft Visual Studio Solution File, Format Version 12.00
# Visual Studio Version 16
VisualStudioVersion = 16.0.30128.74
MinimumVisualStudioVersion = 10.0.40219.1
Project("{FAE04EC0-301F-11D3-BF4B-00C04F79EFBC}") = "M4_L43_ C - Lists T", "M4_L43_ C - Lists T\M4_L43_ C - Lists T.csproj", "{167C0607-F4CB-4FD8-87B7-4EE1B3C5FB2C}"
EndProject
Global
	GlobalSection(SolutionConfigurationPlatforms) = preSolution
		Debug|Any CPU = Debug|Any CPU
		Release|Any CPU = Release|Any CPU
	EndGlobalSection
	GlobalSection(ProjectConfigurationPlatforms) = postSolution
		{167C0607-F4CB-4FD8-87B7-4EE1B3C5FB2C}.Debug|Any CPU.ActiveCfg = Debug|Any CPU
		{167C0607-F4CB-4FD8-87B7-4EE1B3C5FB2C}.Debug|Any CPU.Build.0 = Debug|Any CPU
		{167C0607-F4CB-4FD8-87B7-4EE1B3C5FB2C}.Release|Any CPU.ActiveCfg = Release|Any CPU
		{167C0607-F4CB-4FD8-87B7-4EE1B3C5FB2C}.Release|Any CPU.Build.0 = Release|Any CPU
	EndGlobalSection
	GlobalSection(SolutionProperties) = preSolution
		HideSolutionNode = FALSE
	EndGlobalSection
	GlobalSection(ExtensibilityGlobals) = postSolution
		SolutionGuid = {FD41470D-620B-407F-8878-D57B18ADB309}
	EndGlobalSection
EndGlobal
