
Microsoft Visual Studio Solution File, Format Version 12.00
# Visual Studio Version 16
VisualStudioVersion = 16.0.30128.74
MinimumVisualStudioVersion = 10.0.40219.1
Project("{FAE04EC0-301F-11D3-BF4B-00C04F79EFBC}") = "M3_L33_Example in class2", "M3_L33_Example in class2\M3_L33_Example in class2.csproj", "{004C9404-533B-4AE5-B8BC-AD5B63D0E76D}"
EndProject
Global
	GlobalSection(SolutionConfigurationPlatforms) = preSolution
		Debug|Any CPU = Debug|Any CPU
		Release|Any CPU = Release|Any CPU
	EndGlobalSection
	GlobalSection(ProjectConfigurationPlatforms) = postSolution
		{004C9404-533B-4AE5-B8BC-AD5B63D0E76D}.Debug|Any CPU.ActiveCfg = Debug|Any CPU
		{004C9404-533B-4AE5-B8BC-AD5B63D0E76D}.Debug|Any CPU.Build.0 = Debug|Any CPU
		{004C9404-533B-4AE5-B8BC-AD5B63D0E76D}.Release|Any CPU.ActiveCfg = Release|Any CPU
		{004C9404-533B-4AE5-B8BC-AD5B63D0E76D}.Release|Any CPU.Build.0 = Release|Any CPU
	EndGlobalSection
	GlobalSection(SolutionProperties) = preSolution
		HideSolutionNode = FALSE
	EndGlobalSection
	GlobalSection(ExtensibilityGlobals) = postSolution
		SolutionGuid = {1D0E1019-268A-4AA9-BFCC-EF28BE3DCE1D}
	EndGlobalSection
EndGlobal
