
Microsoft Visual Studio Solution File, Format Version 12.00
# Visual Studio Version 16
VisualStudioVersion = 16.0.30128.74
MinimumVisualStudioVersion = 10.0.40219.1
Project("{FAE04EC0-301F-11D3-BF4B-00C04F79EFBC}") = "M3_L34_LA1_Replace String", "M3_L34_LA1_Replace String\M3_L34_LA1_Replace String.csproj", "{CD82017C-571A-4A3E-BA3C-3C893B3980A7}"
EndProject
Global
	GlobalSection(SolutionConfigurationPlatforms) = preSolution
		Debug|Any CPU = Debug|Any CPU
		Release|Any CPU = Release|Any CPU
	EndGlobalSection
	GlobalSection(ProjectConfigurationPlatforms) = postSolution
		{CD82017C-571A-4A3E-BA3C-3C893B3980A7}.Debug|Any CPU.ActiveCfg = Debug|Any CPU
		{CD82017C-571A-4A3E-BA3C-3C893B3980A7}.Debug|Any CPU.Build.0 = Debug|Any CPU
		{CD82017C-571A-4A3E-BA3C-3C893B3980A7}.Release|Any CPU.ActiveCfg = Release|Any CPU
		{CD82017C-571A-4A3E-BA3C-3C893B3980A7}.Release|Any CPU.Build.0 = Release|Any CPU
	EndGlobalSection
	GlobalSection(SolutionProperties) = preSolution
		HideSolutionNode = FALSE
	EndGlobalSection
	GlobalSection(ExtensibilityGlobals) = postSolution
		SolutionGuid = {07073ED6-0A79-43DD-BFB2-E50528A3C88F}
	EndGlobalSection
EndGlobal
