
Microsoft Visual Studio Solution File, Format Version 12.00
# Visual Studio Version 16
VisualStudioVersion = 16.0.30406.217
MinimumVisualStudioVersion = 10.0.40219.1
Project("{FAE04EC0-301F-11D3-BF4B-00C04F79EFBC}") = "M3_L31_LA_C_sharp_Continue_and_Break_Cmd", "M3_L31_LA_C_sharp_Continue_and_Break_Cmd\M3_L31_LA_C_sharp_Continue_and_Break_Cmd.csproj", "{D809C72C-C8F0-4A03-9D3A-CED74C9A4701}"
EndProject
Global
	GlobalSection(SolutionConfigurationPlatforms) = preSolution
		Debug|Any CPU = Debug|Any CPU
		Release|Any CPU = Release|Any CPU
	EndGlobalSection
	GlobalSection(ProjectConfigurationPlatforms) = postSolution
		{D809C72C-C8F0-4A03-9D3A-CED74C9A4701}.Debug|Any CPU.ActiveCfg = Debug|Any CPU
		{D809C72C-C8F0-4A03-9D3A-CED74C9A4701}.Debug|Any CPU.Build.0 = Debug|Any CPU
		{D809C72C-C8F0-4A03-9D3A-CED74C9A4701}.Release|Any CPU.ActiveCfg = Release|Any CPU
		{D809C72C-C8F0-4A03-9D3A-CED74C9A4701}.Release|Any CPU.Build.0 = Release|Any CPU
	EndGlobalSection
	GlobalSection(SolutionProperties) = preSolution
		HideSolutionNode = FALSE
	EndGlobalSection
	GlobalSection(ExtensibilityGlobals) = postSolution
		SolutionGuid = {B5A72DF8-211F-4B2B-B704-34FD2F311FFC}
	EndGlobalSection
EndGlobal
