
Microsoft Visual Studio Solution File, Format Version 12.00
# Visual Studio Version 16
VisualStudioVersion = 16.0.30320.27
MinimumVisualStudioVersion = 10.0.40219.1
Project("{FAE04EC0-301F-11D3-BF4B-00C04F79EFBC}") = "M4_L43_C_Lists_Example1", "M4_L43_C_Lists_Example1\M4_L43_C_Lists_Example1.csproj", "{BE5BC91B-B97A-46CF-9073-E099E10EBA2C}"
EndProject
Global
	GlobalSection(SolutionConfigurationPlatforms) = preSolution
		Debug|Any CPU = Debug|Any CPU
		Release|Any CPU = Release|Any CPU
	EndGlobalSection
	GlobalSection(ProjectConfigurationPlatforms) = postSolution
		{BE5BC91B-B97A-46CF-9073-E099E10EBA2C}.Debug|Any CPU.ActiveCfg = Debug|Any CPU
		{BE5BC91B-B97A-46CF-9073-E099E10EBA2C}.Debug|Any CPU.Build.0 = Debug|Any CPU
		{BE5BC91B-B97A-46CF-9073-E099E10EBA2C}.Release|Any CPU.ActiveCfg = Release|Any CPU
		{BE5BC91B-B97A-46CF-9073-E099E10EBA2C}.Release|Any CPU.Build.0 = Release|Any CPU
	EndGlobalSection
	GlobalSection(SolutionProperties) = preSolution
		HideSolutionNode = FALSE
	EndGlobalSection
	GlobalSection(ExtensibilityGlobals) = postSolution
		SolutionGuid = {D13751C6-919D-457A-8764-C7018D0CCAA8}
	EndGlobalSection
EndGlobal
