
Microsoft Visual Studio Solution File, Format Version 12.00
# Visual Studio Version 16
VisualStudioVersion = 16.0.30320.27
MinimumVisualStudioVersion = 10.0.40219.1
Project("{FAE04EC0-301F-11D3-BF4B-00C04F79EFBC}") = "M4_L44_Encapsulation_LA3_Blockbuster", "M4_L44_Encapsulation_LA3_Blockbuster\M4_L44_Encapsulation_LA3_Blockbuster.csproj", "{A500839E-2F86-42A4-9F71-AC57FF2D5740}"
EndProject
Global
	GlobalSection(SolutionConfigurationPlatforms) = preSolution
		Debug|Any CPU = Debug|Any CPU
		Release|Any CPU = Release|Any CPU
	EndGlobalSection
	GlobalSection(ProjectConfigurationPlatforms) = postSolution
		{A500839E-2F86-42A4-9F71-AC57FF2D5740}.Debug|Any CPU.ActiveCfg = Debug|Any CPU
		{A500839E-2F86-42A4-9F71-AC57FF2D5740}.Debug|Any CPU.Build.0 = Debug|Any CPU
		{A500839E-2F86-42A4-9F71-AC57FF2D5740}.Release|Any CPU.ActiveCfg = Release|Any CPU
		{A500839E-2F86-42A4-9F71-AC57FF2D5740}.Release|Any CPU.Build.0 = Release|Any CPU
	EndGlobalSection
	GlobalSection(SolutionProperties) = preSolution
		HideSolutionNode = FALSE
	EndGlobalSection
	GlobalSection(ExtensibilityGlobals) = postSolution
		SolutionGuid = {26182D41-C80E-4698-8322-50C83E3ACF66}
	EndGlobalSection
EndGlobal
