<<<<<<< HEAD
﻿
Microsoft Visual Studio Solution File, Format Version 12.00
# Visual Studio Version 16
VisualStudioVersion = 16.0.30128.74
MinimumVisualStudioVersion = 10.0.40219.1
Project("{FAE04EC0-301F-11D3-BF4B-00C04F79EFBC}") = "Basic_rewrite", "Basic_rewrite\Basic_rewrite.csproj", "{5C966ECD-E913-438E-897E-CC6190EA029E}"
EndProject
Global
	GlobalSection(SolutionConfigurationPlatforms) = preSolution
		Debug|Any CPU = Debug|Any CPU
		Release|Any CPU = Release|Any CPU
	EndGlobalSection
	GlobalSection(ProjectConfigurationPlatforms) = postSolution
		{5C966ECD-E913-438E-897E-CC6190EA029E}.Debug|Any CPU.ActiveCfg = Debug|Any CPU
		{5C966ECD-E913-438E-897E-CC6190EA029E}.Debug|Any CPU.Build.0 = Debug|Any CPU
		{5C966ECD-E913-438E-897E-CC6190EA029E}.Release|Any CPU.ActiveCfg = Release|Any CPU
		{5C966ECD-E913-438E-897E-CC6190EA029E}.Release|Any CPU.Build.0 = Release|Any CPU
	EndGlobalSection
	GlobalSection(SolutionProperties) = preSolution
		HideSolutionNode = FALSE
	EndGlobalSection
	GlobalSection(ExtensibilityGlobals) = postSolution
		SolutionGuid = {33DA2102-1871-4DB0-A61E-A6A5E91BB36A}
	EndGlobalSection
EndGlobal
=======
﻿
Microsoft Visual Studio Solution File, Format Version 12.00
# Visual Studio Version 16
VisualStudioVersion = 16.0.30128.74
MinimumVisualStudioVersion = 10.0.40219.1
Project("{FAE04EC0-301F-11D3-BF4B-00C04F79EFBC}") = "Basic_rewrite", "Basic_rewrite\Basic_rewrite.csproj", "{5C966ECD-E913-438E-897E-CC6190EA029E}"
EndProject
Global
	GlobalSection(SolutionConfigurationPlatforms) = preSolution
		Debug|Any CPU = Debug|Any CPU
		Release|Any CPU = Release|Any CPU
	EndGlobalSection
	GlobalSection(ProjectConfigurationPlatforms) = postSolution
		{5C966ECD-E913-438E-897E-CC6190EA029E}.Debug|Any CPU.ActiveCfg = Debug|Any CPU
		{5C966ECD-E913-438E-897E-CC6190EA029E}.Debug|Any CPU.Build.0 = Debug|Any CPU
		{5C966ECD-E913-438E-897E-CC6190EA029E}.Release|Any CPU.ActiveCfg = Release|Any CPU
		{5C966ECD-E913-438E-897E-CC6190EA029E}.Release|Any CPU.Build.0 = Release|Any CPU
	EndGlobalSection
	GlobalSection(SolutionProperties) = preSolution
		HideSolutionNode = FALSE
	EndGlobalSection
	GlobalSection(ExtensibilityGlobals) = postSolution
		SolutionGuid = {33DA2102-1871-4DB0-A61E-A6A5E91BB36A}
	EndGlobalSection
EndGlobal
>>>>>>> 12f237521d9c77152b306cb7848623a27454fa0f
