
Microsoft Visual Studio Solution File, Format Version 12.00
# Visual Studio Version 16
VisualStudioVersion = 16.0.30406.217
MinimumVisualStudioVersion = 10.0.40219.1
Project("{FAE04EC0-301F-11D3-BF4B-00C04F79EFBC}") = "M5_L53_Recursive_EX_Inclass", "M5_L53_Recursive_EX_Inclass\M5_L53_Recursive_EX_Inclass.csproj", "{40DB3DB4-EA8C-4065-81D5-36077130E687}"
EndProject
Global
	GlobalSection(SolutionConfigurationPlatforms) = preSolution
		Debug|Any CPU = Debug|Any CPU
		Release|Any CPU = Release|Any CPU
	EndGlobalSection
	GlobalSection(ProjectConfigurationPlatforms) = postSolution
		{40DB3DB4-EA8C-4065-81D5-36077130E687}.Debug|Any CPU.ActiveCfg = Debug|Any CPU
		{40DB3DB4-EA8C-4065-81D5-36077130E687}.Debug|Any CPU.Build.0 = Debug|Any CPU
		{40DB3DB4-EA8C-4065-81D5-36077130E687}.Release|Any CPU.ActiveCfg = Release|Any CPU
		{40DB3DB4-EA8C-4065-81D5-36077130E687}.Release|Any CPU.Build.0 = Release|Any CPU
	EndGlobalSection
	GlobalSection(SolutionProperties) = preSolution
		HideSolutionNode = FALSE
	EndGlobalSection
	GlobalSection(ExtensibilityGlobals) = postSolution
		SolutionGuid = {E4CCBA4E-D775-488D-9402-647D9095FF08}
	EndGlobalSection
EndGlobal
