
Microsoft Visual Studio Solution File, Format Version 12.00
# Visual Studio Version 16
VisualStudioVersion = 16.0.30128.74
MinimumVisualStudioVersion = 10.0.40219.1
Project("{FAE04EC0-301F-11D3-BF4B-00C04F79EFBC}") = "M4_L42_Example 1 Rectangle Class", "M4_L42_Example 1 Rectangle Class\M4_L42_Example 1 Rectangle Class.csproj", "{929F39DF-6FE7-44E8-9690-200E627B43DC}"
EndProject
Global
	GlobalSection(SolutionConfigurationPlatforms) = preSolution
		Debug|Any CPU = Debug|Any CPU
		Release|Any CPU = Release|Any CPU
	EndGlobalSection
	GlobalSection(ProjectConfigurationPlatforms) = postSolution
		{929F39DF-6FE7-44E8-9690-200E627B43DC}.Debug|Any CPU.ActiveCfg = Debug|Any CPU
		{929F39DF-6FE7-44E8-9690-200E627B43DC}.Debug|Any CPU.Build.0 = Debug|Any CPU
		{929F39DF-6FE7-44E8-9690-200E627B43DC}.Release|Any CPU.ActiveCfg = Release|Any CPU
		{929F39DF-6FE7-44E8-9690-200E627B43DC}.Release|Any CPU.Build.0 = Release|Any CPU
	EndGlobalSection
	GlobalSection(SolutionProperties) = preSolution
		HideSolutionNode = FALSE
	EndGlobalSection
	GlobalSection(ExtensibilityGlobals) = postSolution
		SolutionGuid = {8270F709-4352-41F3-9A4B-EE8CFD533D20}
	EndGlobalSection
EndGlobal
