<<<<<<< HEAD
﻿
Microsoft Visual Studio Solution File, Format Version 12.00
# Visual Studio Version 16
VisualStudioVersion = 16.0.30128.74
MinimumVisualStudioVersion = 10.0.40219.1
Project("{FAE04EC0-301F-11D3-BF4B-00C04F79EFBC}") = "M2 L32 For loop", "M2 L32 For loop\M2 L32 For loop.csproj", "{F97A6B31-241C-46CE-A17A-CB3B88A3450C}"
EndProject
Global
	GlobalSection(SolutionConfigurationPlatforms) = preSolution
		Debug|Any CPU = Debug|Any CPU
		Release|Any CPU = Release|Any CPU
	EndGlobalSection
	GlobalSection(ProjectConfigurationPlatforms) = postSolution
		{F97A6B31-241C-46CE-A17A-CB3B88A3450C}.Debug|Any CPU.ActiveCfg = Debug|Any CPU
		{F97A6B31-241C-46CE-A17A-CB3B88A3450C}.Debug|Any CPU.Build.0 = Debug|Any CPU
		{F97A6B31-241C-46CE-A17A-CB3B88A3450C}.Release|Any CPU.ActiveCfg = Release|Any CPU
		{F97A6B31-241C-46CE-A17A-CB3B88A3450C}.Release|Any CPU.Build.0 = Release|Any CPU
	EndGlobalSection
	GlobalSection(SolutionProperties) = preSolution
		HideSolutionNode = FALSE
	EndGlobalSection
	GlobalSection(ExtensibilityGlobals) = postSolution
		SolutionGuid = {5D3AC80E-811B-4DB7-A428-01FEBFD456E1}
	EndGlobalSection
EndGlobal
=======
﻿
Microsoft Visual Studio Solution File, Format Version 12.00
# Visual Studio Version 16
VisualStudioVersion = 16.0.30128.74
MinimumVisualStudioVersion = 10.0.40219.1
Project("{FAE04EC0-301F-11D3-BF4B-00C04F79EFBC}") = "M2 L32 For loop", "M2 L32 For loop\M2 L32 For loop.csproj", "{F97A6B31-241C-46CE-A17A-CB3B88A3450C}"
EndProject
Global
	GlobalSection(SolutionConfigurationPlatforms) = preSolution
		Debug|Any CPU = Debug|Any CPU
		Release|Any CPU = Release|Any CPU
	EndGlobalSection
	GlobalSection(ProjectConfigurationPlatforms) = postSolution
		{F97A6B31-241C-46CE-A17A-CB3B88A3450C}.Debug|Any CPU.ActiveCfg = Debug|Any CPU
		{F97A6B31-241C-46CE-A17A-CB3B88A3450C}.Debug|Any CPU.Build.0 = Debug|Any CPU
		{F97A6B31-241C-46CE-A17A-CB3B88A3450C}.Release|Any CPU.ActiveCfg = Release|Any CPU
		{F97A6B31-241C-46CE-A17A-CB3B88A3450C}.Release|Any CPU.Build.0 = Release|Any CPU
	EndGlobalSection
	GlobalSection(SolutionProperties) = preSolution
		HideSolutionNode = FALSE
	EndGlobalSection
	GlobalSection(ExtensibilityGlobals) = postSolution
		SolutionGuid = {5D3AC80E-811B-4DB7-A428-01FEBFD456E1}
	EndGlobalSection
EndGlobal
>>>>>>> 12f237521d9c77152b306cb7848623a27454fa0f
