
Microsoft Visual Studio Solution File, Format Version 12.00
# Visual Studio Version 16
VisualStudioVersion = 16.0.30128.74
MinimumVisualStudioVersion = 10.0.40219.1
Project("{FAE04EC0-301F-11D3-BF4B-00C04F79EFBC}") = "M3_L33_LA1", "M3_L33_LA1\M3_L33_LA1.csproj", "{ADA689F9-59A1-4B1D-AD34-F4387A3E98C4}"
EndProject
Global
	GlobalSection(SolutionConfigurationPlatforms) = preSolution
		Debug|Any CPU = Debug|Any CPU
		Release|Any CPU = Release|Any CPU
	EndGlobalSection
	GlobalSection(ProjectConfigurationPlatforms) = postSolution
		{ADA689F9-59A1-4B1D-AD34-F4387A3E98C4}.Debug|Any CPU.ActiveCfg = Debug|Any CPU
		{ADA689F9-59A1-4B1D-AD34-F4387A3E98C4}.Debug|Any CPU.Build.0 = Debug|Any CPU
		{ADA689F9-59A1-4B1D-AD34-F4387A3E98C4}.Release|Any CPU.ActiveCfg = Release|Any CPU
		{ADA689F9-59A1-4B1D-AD34-F4387A3E98C4}.Release|Any CPU.Build.0 = Release|Any CPU
	EndGlobalSection
	GlobalSection(SolutionProperties) = preSolution
		HideSolutionNode = FALSE
	EndGlobalSection
	GlobalSection(ExtensibilityGlobals) = postSolution
		SolutionGuid = {C8FB682B-DDFC-4333-B003-BF697BC0594F}
	EndGlobalSection
EndGlobal
