
Microsoft Visual Studio Solution File, Format Version 12.00
# Visual Studio Version 16
VisualStudioVersion = 16.0.30406.217
MinimumVisualStudioVersion = 10.0.40219.1
Project("{FAE04EC0-301F-11D3-BF4B-00C04F79EFBC}") = "M3_L32_For_LA4_Summation_of_a_Series", "M3_L32_For_LA4_Summation_of_a_Series\M3_L32_For_LA4_Summation_of_a_Series.csproj", "{8D48CACA-CD32-4EF7-A5CB-713B87864EB4}"
EndProject
Global
	GlobalSection(SolutionConfigurationPlatforms) = preSolution
		Debug|Any CPU = Debug|Any CPU
		Release|Any CPU = Release|Any CPU
	EndGlobalSection
	GlobalSection(ProjectConfigurationPlatforms) = postSolution
		{8D48CACA-CD32-4EF7-A5CB-713B87864EB4}.Debug|Any CPU.ActiveCfg = Debug|Any CPU
		{8D48CACA-CD32-4EF7-A5CB-713B87864EB4}.Debug|Any CPU.Build.0 = Debug|Any CPU
		{8D48CACA-CD32-4EF7-A5CB-713B87864EB4}.Release|Any CPU.ActiveCfg = Release|Any CPU
		{8D48CACA-CD32-4EF7-A5CB-713B87864EB4}.Release|Any CPU.Build.0 = Release|Any CPU
	EndGlobalSection
	GlobalSection(SolutionProperties) = preSolution
		HideSolutionNode = FALSE
	EndGlobalSection
	GlobalSection(ExtensibilityGlobals) = postSolution
		SolutionGuid = {92221EA7-3350-4E27-8824-93CCB3FEF233}
	EndGlobalSection
EndGlobal
