
Microsoft Visual Studio Solution File, Format Version 12.00
# Visual Studio Version 16
VisualStudioVersion = 16.0.30320.27
MinimumVisualStudioVersion = 10.0.40219.1
Project("{FAE04EC0-301F-11D3-BF4B-00C04F79EFBC}") = "M5_L51_Reference_inheritance_LA1_Animals", "M5_L51_Reference_inheritance_LA1_Animals\M5_L51_Reference_inheritance_LA1_Animals.csproj", "{34CA0311-E198-4C55-A217-A1024D481F28}"
EndProject
Global
	GlobalSection(SolutionConfigurationPlatforms) = preSolution
		Debug|Any CPU = Debug|Any CPU
		Release|Any CPU = Release|Any CPU
	EndGlobalSection
	GlobalSection(ProjectConfigurationPlatforms) = postSolution
		{34CA0311-E198-4C55-A217-A1024D481F28}.Debug|Any CPU.ActiveCfg = Debug|Any CPU
		{34CA0311-E198-4C55-A217-A1024D481F28}.Debug|Any CPU.Build.0 = Debug|Any CPU
		{34CA0311-E198-4C55-A217-A1024D481F28}.Release|Any CPU.ActiveCfg = Release|Any CPU
		{34CA0311-E198-4C55-A217-A1024D481F28}.Release|Any CPU.Build.0 = Release|Any CPU
	EndGlobalSection
	GlobalSection(SolutionProperties) = preSolution
		HideSolutionNode = FALSE
	EndGlobalSection
	GlobalSection(ExtensibilityGlobals) = postSolution
		SolutionGuid = {CC9C1589-CEC1-4870-8149-4A6B22222BCB}
	EndGlobalSection
EndGlobal
