<<<<<<< HEAD
﻿
Microsoft Visual Studio Solution File, Format Version 12.00
# Visual Studio Version 16
VisualStudioVersion = 16.0.30128.74
MinimumVisualStudioVersion = 10.0.40219.1
Project("{FAE04EC0-301F-11D3-BF4B-00C04F79EFBC}") = "M2_L24_Learning Activity 1 Vowels", "M2_L24_Learning Activity 1 Vowels\M2_L24_Learning Activity 1 Vowels.csproj", "{3EF49FD8-58A3-4177-9E03-354C6B3561BC}"
EndProject
Global
	GlobalSection(SolutionConfigurationPlatforms) = preSolution
		Debug|Any CPU = Debug|Any CPU
		Release|Any CPU = Release|Any CPU
	EndGlobalSection
	GlobalSection(ProjectConfigurationPlatforms) = postSolution
		{3EF49FD8-58A3-4177-9E03-354C6B3561BC}.Debug|Any CPU.ActiveCfg = Debug|Any CPU
		{3EF49FD8-58A3-4177-9E03-354C6B3561BC}.Debug|Any CPU.Build.0 = Debug|Any CPU
		{3EF49FD8-58A3-4177-9E03-354C6B3561BC}.Release|Any CPU.ActiveCfg = Release|Any CPU
		{3EF49FD8-58A3-4177-9E03-354C6B3561BC}.Release|Any CPU.Build.0 = Release|Any CPU
	EndGlobalSection
	GlobalSection(SolutionProperties) = preSolution
		HideSolutionNode = FALSE
	EndGlobalSection
	GlobalSection(ExtensibilityGlobals) = postSolution
		SolutionGuid = {AA28E689-43CD-42CD-B4B6-8CAF548495E7}
	EndGlobalSection
EndGlobal
=======
﻿
Microsoft Visual Studio Solution File, Format Version 12.00
# Visual Studio Version 16
VisualStudioVersion = 16.0.30128.74
MinimumVisualStudioVersion = 10.0.40219.1
Project("{FAE04EC0-301F-11D3-BF4B-00C04F79EFBC}") = "M2_L24_Learning Activity 1 Vowels", "M2_L24_Learning Activity 1 Vowels\M2_L24_Learning Activity 1 Vowels.csproj", "{3EF49FD8-58A3-4177-9E03-354C6B3561BC}"
EndProject
Global
	GlobalSection(SolutionConfigurationPlatforms) = preSolution
		Debug|Any CPU = Debug|Any CPU
		Release|Any CPU = Release|Any CPU
	EndGlobalSection
	GlobalSection(ProjectConfigurationPlatforms) = postSolution
		{3EF49FD8-58A3-4177-9E03-354C6B3561BC}.Debug|Any CPU.ActiveCfg = Debug|Any CPU
		{3EF49FD8-58A3-4177-9E03-354C6B3561BC}.Debug|Any CPU.Build.0 = Debug|Any CPU
		{3EF49FD8-58A3-4177-9E03-354C6B3561BC}.Release|Any CPU.ActiveCfg = Release|Any CPU
		{3EF49FD8-58A3-4177-9E03-354C6B3561BC}.Release|Any CPU.Build.0 = Release|Any CPU
	EndGlobalSection
	GlobalSection(SolutionProperties) = preSolution
		HideSolutionNode = FALSE
	EndGlobalSection
	GlobalSection(ExtensibilityGlobals) = postSolution
		SolutionGuid = {AA28E689-43CD-42CD-B4B6-8CAF548495E7}
	EndGlobalSection
EndGlobal
>>>>>>> 12f237521d9c77152b306cb7848623a27454fa0f
