
Microsoft Visual Studio Solution File, Format Version 12.00
# Visual Studio Version 16
VisualStudioVersion = 16.0.30128.74
MinimumVisualStudioVersion = 10.0.40219.1
Project("{FAE04EC0-301F-11D3-BF4B-00C04F79EFBC}") = "M3_L33_Example3", "M3_L33_Example3\M3_L33_Example3.csproj", "{EB9AAA31-8015-4F97-B94B-C359FD008377}"
EndProject
Global
	GlobalSection(SolutionConfigurationPlatforms) = preSolution
		Debug|Any CPU = Debug|Any CPU
		Release|Any CPU = Release|Any CPU
	EndGlobalSection
	GlobalSection(ProjectConfigurationPlatforms) = postSolution
		{EB9AAA31-8015-4F97-B94B-C359FD008377}.Debug|Any CPU.ActiveCfg = Debug|Any CPU
		{EB9AAA31-8015-4F97-B94B-C359FD008377}.Debug|Any CPU.Build.0 = Debug|Any CPU
		{EB9AAA31-8015-4F97-B94B-C359FD008377}.Release|Any CPU.ActiveCfg = Release|Any CPU
		{EB9AAA31-8015-4F97-B94B-C359FD008377}.Release|Any CPU.Build.0 = Release|Any CPU
	EndGlobalSection
	GlobalSection(SolutionProperties) = preSolution
		HideSolutionNode = FALSE
	EndGlobalSection
	GlobalSection(ExtensibilityGlobals) = postSolution
		SolutionGuid = {CF7DDDB1-EEC8-41B1-AF79-2D7481316E4F}
	EndGlobalSection
EndGlobal
