
Microsoft Visual Studio Solution File, Format Version 12.00
# Visual Studio Version 16
VisualStudioVersion = 16.0.30128.74
MinimumVisualStudioVersion = 10.0.40219.1
Project("{FAE04EC0-301F-11D3-BF4B-00C04F79EFBC}") = "Circle_Calculator", "Circle_Calculator\Circle_Calculator.csproj", "{CEA7CFA1-3473-4AD0-A255-191ADC86A4EE}"
EndProject
Global
	GlobalSection(SolutionConfigurationPlatforms) = preSolution
		Debug|Any CPU = Debug|Any CPU
		Release|Any CPU = Release|Any CPU
	EndGlobalSection
	GlobalSection(ProjectConfigurationPlatforms) = postSolution
		{CEA7CFA1-3473-4AD0-A255-191ADC86A4EE}.Debug|Any CPU.ActiveCfg = Debug|Any CPU
		{CEA7CFA1-3473-4AD0-A255-191ADC86A4EE}.Debug|Any CPU.Build.0 = Debug|Any CPU
		{CEA7CFA1-3473-4AD0-A255-191ADC86A4EE}.Release|Any CPU.ActiveCfg = Release|Any CPU
		{CEA7CFA1-3473-4AD0-A255-191ADC86A4EE}.Release|Any CPU.Build.0 = Release|Any CPU
	EndGlobalSection
	GlobalSection(SolutionProperties) = preSolution
		HideSolutionNode = FALSE
	EndGlobalSection
	GlobalSection(ExtensibilityGlobals) = postSolution
		SolutionGuid = {75A7EAE0-D566-414F-B4B6-DC656AF4604B}
	EndGlobalSection
EndGlobal
